// !$*UTF8*$!
{
	archiveVersion = 1;
	classes = {
	};
	objectVersion = 50;
	objects = {

/* Begin PBXBuildFile section */
		6A553EDB2541622F006198C3 /* AppDelegate.m in Sources */ = {isa = PBXBuildFile; fileRef = 6A553EDA2541622F006198C3 /* AppDelegate.m */; };
		6A553EDE2541622F006198C3 /* SceneDelegate.m in Sources */ = {isa = PBXBuildFile; fileRef = 6A553EDD2541622F006198C3 /* SceneDelegate.m */; };
		6A553EE12541622F006198C3 /* ViewController.m in Sources */ = {isa = PBXBuildFile; fileRef = 6A553EE02541622F006198C3 /* ViewController.m */; };
		6A553EE42541622F006198C3 /* Main.storyboard in Resources */ = {isa = PBXBuildFile; fileRef = 6A553EE22541622F006198C3 /* Main.storyboard */; };
		6A553EE625416230006198C3 /* Assets.xcassets in Resources */ = {isa = PBXBuildFile; fileRef = 6A553EE525416230006198C3 /* Assets.xcassets */; };
		6A553EE925416230006198C3 /* LaunchScreen.storyboard in Resources */ = {isa = PBXBuildFile; fileRef = 6A553EE725416230006198C3 /* LaunchScreen.storyboard */; };
		6A553EEC25416230006198C3 /* main.m in Sources */ = {isa = PBXBuildFile; fileRef = 6A553EEB25416230006198C3 /* main.m */; };
		6A553EF625416230006198C3 /* XMPPFreamworkCarthageSampleTests.m in Sources */ = {isa = PBXBuildFile; fileRef = 6A553EF525416230006198C3 /* XMPPFreamworkCarthageSampleTests.m */; };
		6A553F0125416230006198C3 /* XMPPFreamworkCarthageSampleUITests.m in Sources */ = {isa = PBXBuildFile; fileRef = 6A553F0025416230006198C3 /* XMPPFreamworkCarthageSampleUITests.m */; };
/* End PBXBuildFile section */

/* Begin PBXContainerItemProxy section */
		6A553EF225416230006198C3 /* PBXContainerItemProxy */ = {
			isa = PBXContainerItemProxy;
			containerPortal = 6A553ECE2541622F006198C3 /* Project object */;
			proxyType = 1;
			remoteGlobalIDString = 6A553ED52541622F006198C3;
			remoteInfo = XMPPFreamworkCarthageSample;
		};
		6A553EFD25416230006198C3 /* PBXContainerItemProxy */ = {
			isa = PBXContainerItemProxy;
			containerPortal = 6A553ECE2541622F006198C3 /* Project object */;
			proxyType = 1;
			remoteGlobalIDString = 6A553ED52541622F006198C3;
			remoteInfo = XMPPFreamworkCarthageSample;
		};
/* End PBXContainerItemProxy section */

/* Begin PBXFileReference section */
		6A553ED62541622F006198C3 /* XMPPFreamworkCarthageSample.app */ = {isa = PBXFileReference; explicitFileType = wrapper.application; includeInIndex = 0; path = XMPPFreamworkCarthageSample.app; sourceTree = BUILT_PRODUCTS_DIR; };
		6A553ED92541622F006198C3 /* AppDelegate.h */ = {isa = PBXFileReference; lastKnownFileType = sourcecode.c.h; path = AppDelegate.h; sourceTree = "<group>"; };
		6A553EDA2541622F006198C3 /* AppDelegate.m */ = {isa = PBXFileReference; lastKnownFileType = sourcecode.c.objc; path = AppDelegate.m; sourceTree = "<group>"; };
		6A553EDC2541622F006198C3 /* SceneDelegate.h */ = {isa = PBXFileReference; lastKnownFileType = sourcecode.c.h; path = SceneDelegate.h; sourceTree = "<group>"; };
		6A553EDD2541622F006198C3 /* SceneDelegate.m */ = {isa = PBXFileReference; lastKnownFileType = sourcecode.c.objc; path = SceneDelegate.m; sourceTree = "<group>"; };
		6A553EDF2541622F006198C3 /* ViewController.h */ = {isa = PBXFileReference; lastKnownFileType = sourcecode.c.h; path = ViewController.h; sourceTree = "<group>"; };
		6A553EE02541622F006198C3 /* ViewController.m */ = {isa = PBXFileReference; lastKnownFileType = sourcecode.c.objc; path = ViewController.m; sourceTree = "<group>"; };
		6A553EE32541622F006198C3 /* Base */ = {isa = PBXFileReference; lastKnownFileType = file.storyboard; name = Base; path = Base.lproj/Main.storyboard; sourceTree = "<group>"; };
		6A553EE525416230006198C3 /* Assets.xcassets */ = {isa = PBXFileReference; lastKnownFileType = folder.assetcatalog; path = Assets.xcassets; sourceTree = "<group>"; };
		6A553EE825416230006198C3 /* Base */ = {isa = PBXFileReference; lastKnownFileType = file.storyboard; name = Base; path = Base.lproj/LaunchScreen.storyboard; sourceTree = "<group>"; };
		6A553EEA25416230006198C3 /* Info.plist */ = {isa = PBXFileReference; lastKnownFileType = text.plist.xml; path = Info.plist; sourceTree = "<group>"; };
		6A553EEB25416230006198C3 /* main.m */ = {isa = PBXFileReference; lastKnownFileType = sourcecode.c.objc; path = main.m; sourceTree = "<group>"; };
		6A553EF125416230006198C3 /* XMPPFreamworkCarthageSampleTests.xctest */ = {isa = PBXFileReference; explicitFileType = wrapper.cfbundle; includeInIndex = 0; path = XMPPFreamworkCarthageSampleTests.xctest; sourceTree = BUILT_PRODUCTS_DIR; };
		6A553EF525416230006198C3 /* XMPPFreamworkCarthageSampleTests.m */ = {isa = PBXFileReference; lastKnownFileType = sourcecode.c.objc; path = XMPPFreamworkCarthageSampleTests.m; sourceTree = "<group>"; };
		6A553EF725416230006198C3 /* Info.plist */ = {isa = PBXFileReference; lastKnownFileType = text.plist.xml; path = Info.plist; sourceTree = "<group>"; };
		6A553EFC25416230006198C3 /* XMPPFreamworkCarthageSampleUITests.xctest */ = {isa = PBXFileReference; explicitFileType = wrapper.cfbundle; includeInIndex = 0; path = XMPPFreamworkCarthageSampleUITests.xctest; sourceTree = BUILT_PRODUCTS_DIR; };
		6A553F0025416230006198C3 /* XMPPFreamworkCarthageSampleUITests.m */ = {isa = PBXFileReference; lastKnownFileType = sourcecode.c.objc; path = XMPPFreamworkCarthageSampleUITests.m; sourceTree = "<group>"; };
		6A553F0225416230006198C3 /* Info.plist */ = {isa = PBXFileReference; lastKnownFileType = text.plist.xml; path = Info.plist; sourceTree = "<group>"; };
/* End PBXFileReference section */

/* Begin PBXFrameworksBuildPhase section */
		6A553ED32541622F006198C3 /* Frameworks */ = {
			isa = PBXFrameworksBuildPhase;
			buildActionMask = 2147483647;
			files = (
			);
			runOnlyForDeploymentPostprocessing = 0;
		};
		6A553EEE25416230006198C3 /* Frameworks */ = {
			isa = PBXFrameworksBuildPhase;
			buildActionMask = 2147483647;
			files = (
			);
			runOnlyForDeploymentPostprocessing = 0;
		};
		6A553EF925416230006198C3 /* Frameworks */ = {
			isa = PBXFrameworksBuildPhase;
			buildActionMask = 2147483647;
			files = (
			);
			runOnlyForDeploymentPostprocessing = 0;
		};
/* End PBXFrameworksBuildPhase section */

/* Begin PBXGroup section */
		6A553ECD2541622F006198C3 = {
			isa = PBXGroup;
			children = (
				6A553ED82541622F006198C3 /* XMPPFreamworkCarthageSample */,
				6A553EF425416230006198C3 /* XMPPFreamworkCarthageSampleTests */,
				6A553EFF25416230006198C3 /* XMPPFreamworkCarthageSampleUITests */,
				6A553ED72541622F006198C3 /* Products */,
			);
			sourceTree = "<group>";
		};
		6A553ED72541622F006198C3 /* Products */ = {
			isa = PBXGroup;
			children = (
				6A553ED62541622F006198C3 /* XMPPFreamworkCarthageSample.app */,
				6A553EF125416230006198C3 /* XMPPFreamworkCarthageSampleTests.xctest */,
				6A553EFC25416230006198C3 /* XMPPFreamworkCarthageSampleUITests.xctest */,
			);
			name = Products;
			sourceTree = "<group>";
		};
		6A553ED82541622F006198C3 /* XMPPFreamworkCarthageSample */ = {
			isa = PBXGroup;
			children = (
				6A553ED92541622F006198C3 /* AppDelegate.h */,
				6A553EDA2541622F006198C3 /* AppDelegate.m */,
				6A553EDC2541622F006198C3 /* SceneDelegate.h */,
				6A553EDD2541622F006198C3 /* SceneDelegate.m */,
				6A553EDF2541622F006198C3 /* ViewController.h */,
				6A553EE02541622F006198C3 /* ViewController.m */,
				6A553EE22541622F006198C3 /* Main.storyboard */,
				6A553EE525416230006198C3 /* Assets.xcassets */,
				6A553EE725416230006198C3 /* LaunchScreen.storyboard */,
				6A553EEA25416230006198C3 /* Info.plist */,
				6A553EEB25416230006198C3 /* main.m */,
			);
			path = XMPPFreamworkCarthageSample;
			sourceTree = "<group>";
		};
		6A553EF425416230006198C3 /* XMPPFreamworkCarthageSampleTests */ = {
			isa = PBXGroup;
			children = (
				6A553EF525416230006198C3 /* XMPPFreamworkCarthageSampleTests.m */,
				6A553EF725416230006198C3 /* Info.plist */,
			);
			path = XMPPFreamworkCarthageSampleTests;
			sourceTree = "<group>";
		};
		6A553EFF25416230006198C3 /* XMPPFreamworkCarthageSampleUITests */ = {
			isa = PBXGroup;
			children = (
				6A553F0025416230006198C3 /* XMPPFreamworkCarthageSampleUITests.m */,
				6A553F0225416230006198C3 /* Info.plist */,
			);
			path = XMPPFreamworkCarthageSampleUITests;
			sourceTree = "<group>";
		};
/* End PBXGroup section */

/* Begin PBXNativeTarget section */
		6A553ED52541622F006198C3 /* XMPPFreamworkCarthageSample */ = {
			isa = PBXNativeTarget;
			buildConfigurationList = 6A553F0525416230006198C3 /* Build configuration list for PBXNativeTarget "XMPPFreamworkCarthageSample" */;
			buildPhases = (
				6A553ED22541622F006198C3 /* Sources */,
				6A553ED32541622F006198C3 /* Frameworks */,
				6A553ED42541622F006198C3 /* Resources */,
			);
			buildRules = (
			);
			dependencies = (
			);
			name = XMPPFreamworkCarthageSample;
			productName = XMPPFreamworkCarthageSample;
			productReference = 6A553ED62541622F006198C3 /* XMPPFreamworkCarthageSample.app */;
			productType = "com.apple.product-type.application";
		};
		6A553EF025416230006198C3 /* XMPPFreamworkCarthageSampleTests */ = {
			isa = PBXNativeTarget;
			buildConfigurationList = 6A553F0825416230006198C3 /* Build configuration list for PBXNativeTarget "XMPPFreamworkCarthageSampleTests" */;
			buildPhases = (
				6A553EED25416230006198C3 /* Sources */,
				6A553EEE25416230006198C3 /* Frameworks */,
				6A553EEF25416230006198C3 /* Resources */,
			);
			buildRules = (
			);
			dependencies = (
				6A553EF325416230006198C3 /* PBXTargetDependency */,
			);
			name = XMPPFreamworkCarthageSampleTests;
			productName = XMPPFreamworkCarthageSampleTests;
			productReference = 6A553EF125416230006198C3 /* XMPPFreamworkCarthageSampleTests.xctest */;
			productType = "com.apple.product-type.bundle.unit-test";
		};
		6A553EFB25416230006198C3 /* XMPPFreamworkCarthageSampleUITests */ = {
			isa = PBXNativeTarget;
			buildConfigurationList = 6A553F0B25416230006198C3 /* Build configuration list for PBXNativeTarget "XMPPFreamworkCarthageSampleUITests" */;
			buildPhases = (
				6A553EF825416230006198C3 /* Sources */,
				6A553EF925416230006198C3 /* Frameworks */,
				6A553EFA25416230006198C3 /* Resources */,
			);
			buildRules = (
			);
			dependencies = (
				6A553EFE25416230006198C3 /* PBXTargetDependency */,
			);
			name = XMPPFreamworkCarthageSampleUITests;
			productName = XMPPFreamworkCarthageSampleUITests;
			productReference = 6A553EFC25416230006198C3 /* XMPPFreamworkCarthageSampleUITests.xctest */;
			productType = "com.apple.product-type.bundle.ui-testing";
		};
/* End PBXNativeTarget section */

/* Begin PBXProject section */
		6A553ECE2541622F006198C3 /* Project object */ = {
			isa = PBXProject;
			attributes = {
				LastUpgradeCheck = 1200;
				TargetAttributes = {
					6A553ED52541622F006198C3 = {
						CreatedOnToolsVersion = 12.0.1;
					};
					6A553EF025416230006198C3 = {
						CreatedOnToolsVersion = 12.0.1;
						TestTargetID = 6A553ED52541622F006198C3;
					};
					6A553EFB25416230006198C3 = {
						CreatedOnToolsVersion = 12.0.1;
						TestTargetID = 6A553ED52541622F006198C3;
					};
				};
			};
			buildConfigurationList = 6A553ED12541622F006198C3 /* Build configuration list for PBXProject "XMPPFreamworkCarthageSample" */;
			compatibilityVersion = "Xcode 9.3";
			developmentRegion = en;
			hasScannedForEncodings = 0;
			knownRegions = (
				en,
				Base,
			);
			mainGroup = 6A553ECD2541622F006198C3;
			productRefGroup = 6A553ED72541622F006198C3 /* Products */;
			projectDirPath = "";
			projectRoot = "";
			targets = (
				6A553ED52541622F006198C3 /* XMPPFreamworkCarthageSample */,
				6A553EF025416230006198C3 /* XMPPFreamworkCarthageSampleTests */,
				6A553EFB25416230006198C3 /* XMPPFreamworkCarthageSampleUITests */,
			);
		};
/* End PBXProject section */

/* Begin PBXResourcesBuildPhase section */
		6A553ED42541622F006198C3 /* Resources */ = {
			isa = PBXResourcesBuildPhase;
			buildActionMask = 2147483647;
			files = (
				6A553EE925416230006198C3 /* LaunchScreen.storyboard in Resources */,
				6A553EE625416230006198C3 /* Assets.xcassets in Resources */,
				6A553EE42541622F006198C3 /* Main.storyboard in Resources */,
			);
			runOnlyForDeploymentPostprocessing = 0;
		};
		6A553EEF25416230006198C3 /* Resources */ = {
			isa = PBXResourcesBuildPhase;
			buildActionMask = 2147483647;
			files = (
			);
			runOnlyForDeploymentPostprocessing = 0;
		};
		6A553EFA25416230006198C3 /* Resources */ = {
			isa = PBXResourcesBuildPhase;
			buildActionMask = 2147483647;
			files = (
			);
			runOnlyForDeploymentPostprocessing = 0;
		};
/* End PBXResourcesBuildPhase section */

/* Begin PBXSourcesBuildPhase section */
		6A553ED22541622F006198C3 /* Sources */ = {
			isa = PBXSourcesBuildPhase;
			buildActionMask = 2147483647;
			files = (
				6A553EE12541622F006198C3 /* ViewController.m in Sources */,
				6A553EDB2541622F006198C3 /* AppDelegate.m in Sources */,
				6A553EEC25416230006198C3 /* main.m in Sources */,
				6A553EDE2541622F006198C3 /* SceneDelegate.m in Sources */,
			);
			runOnlyForDeploymentPostprocessing = 0;
		};
		6A553EED25416230006198C3 /* Sources */ = {
			isa = PBXSourcesBuildPhase;
			buildActionMask = 2147483647;
			files = (
				6A553EF625416230006198C3 /* XMPPFreamworkCarthageSampleTests.m in Sources */,
			);
			runOnlyForDeploymentPostprocessing = 0;
		};
		6A553EF825416230006198C3 /* Sources */ = {
			isa = PBXSourcesBuildPhase;
			buildActionMask = 2147483647;
			files = (
				6A553F0125416230006198C3 /* XMPPFreamworkCarthageSampleUITests.m in Sources */,
			);
			runOnlyForDeploymentPostprocessing = 0;
		};
/* End PBXSourcesBuildPhase section */

/* Begin PBXTargetDependency section */
		6A553EF325416230006198C3 /* PBXTargetDependency */ = {
			isa = PBXTargetDependency;
			target = 6A553ED52541622F006198C3 /* XMPPFreamworkCarthageSample */;
			targetProxy = 6A553EF225416230006198C3 /* PBXContainerItemProxy */;
		};
		6A553EFE25416230006198C3 /* PBXTargetDependency */ = {
			isa = PBXTargetDependency;
			target = 6A553ED52541622F006198C3 /* XMPPFreamworkCarthageSample */;
			targetProxy = 6A553EFD25416230006198C3 /* PBXContainerItemProxy */;
		};
/* End PBXTargetDependency section */

/* Begin PBXVariantGroup section */
		6A553EE22541622F006198C3 /* Main.storyboard */ = {
			isa = PBXVariantGroup;
			children = (
				6A553EE32541622F006198C3 /* Base */,
			);
			name = Main.storyboard;
			sourceTree = "<group>";
		};
		6A553EE725416230006198C3 /* LaunchScreen.storyboard */ = {
			isa = PBXVariantGroup;
			children = (
				6A553EE825416230006198C3 /* Base */,
			);
			name = LaunchScreen.storyboard;
			sourceTree = "<group>";
		};
/* End PBXVariantGroup section */

/* Begin XCBuildConfiguration section */
		6A553F0325416230006198C3 /* Debug */ = {
			isa = XCBuildConfiguration;
			buildSettings = {
				ALWAYS_SEARCH_USER_PATHS = NO;
				CLANG_ANALYZER_NONNULL = YES;
				CLANG_ANALYZER_NUMBER_OBJECT_CONVERSION = YES_AGGRESSIVE;
				CLANG_CXX_LANGUAGE_STANDARD = "gnu++14";
				CLANG_CXX_LIBRARY = "libc++";
				CLANG_ENABLE_MODULES = YES;
				CLANG_ENABLE_OBJC_ARC = YES;
				CLANG_ENABLE_OBJC_WEAK = YES;
				CLANG_WARN_BLOCK_CAPTURE_AUTORELEASING = YES;
				CLANG_WARN_BOOL_CONVERSION = YES;
				CLANG_WARN_COMMA = YES;
				CLANG_WARN_CONSTANT_CONVERSION = YES;
				CLANG_WARN_DEPRECATED_OBJC_IMPLEMENTATIONS = YES;
				CLANG_WARN_DIRECT_OBJC_ISA_USAGE = YES_ERROR;
				CLANG_WARN_DOCUMENTATION_COMMENTS = YES;
				CLANG_WARN_EMPTY_BODY = YES;
				CLANG_WARN_ENUM_CONVERSION = YES;
				CLANG_WARN_INFINITE_RECURSION = YES;
				CLANG_WARN_INT_CONVERSION = YES;
				CLANG_WARN_NON_LITERAL_NULL_CONVERSION = YES;
				CLANG_WARN_OBJC_IMPLICIT_RETAIN_SELF = YES;
				CLANG_WARN_OBJC_LITERAL_CONVERSION = YES;
				CLANG_WARN_OBJC_ROOT_CLASS = YES_ERROR;
				CLANG_WARN_QUOTED_INCLUDE_IN_FRAMEWORK_HEADER = YES;
				CLANG_WARN_RANGE_LOOP_ANALYSIS = YES;
				CLANG_WARN_STRICT_PROTOTYPES = YES;
				CLANG_WARN_SUSPICIOUS_MOVE = YES;
				CLANG_WARN_UNGUARDED_AVAILABILITY = YES_AGGRESSIVE;
				CLANG_WARN_UNREACHABLE_CODE = YES;
				CLANG_WARN__DUPLICATE_METHOD_MATCH = YES;
				COPY_PHASE_STRIP = NO;
				DEBUG_INFORMATION_FORMAT = dwarf;
				ENABLE_STRICT_OBJC_MSGSEND = YES;
				ENABLE_TESTABILITY = YES;
				GCC_C_LANGUAGE_STANDARD = gnu11;
				GCC_DYNAMIC_NO_PIC = NO;
				GCC_NO_COMMON_BLOCKS = YES;
				GCC_OPTIMIZATION_LEVEL = 0;
				GCC_PREPROCESSOR_DEFINITIONS = (
					"DEBUG=1",
					"$(inherited)",
				);
				GCC_WARN_64_TO_32_BIT_CONVERSION = YES;
				GCC_WARN_ABOUT_RETURN_TYPE = YES_ERROR;
				GCC_WARN_UNDECLARED_SELECTOR = YES;
				GCC_WARN_UNINITIALIZED_AUTOS = YES_AGGRESSIVE;
				GCC_WARN_UNUSED_FUNCTION = YES;
				GCC_WARN_UNUSED_VARIABLE = YES;
				IPHONEOS_DEPLOYMENT_TARGET = 14.0;
				MTL_ENABLE_DEBUG_INFO = INCLUDE_SOURCE;
				MTL_FAST_MATH = YES;
				ONLY_ACTIVE_ARCH = YES;
				SDKROOT = iphoneos;
			};
			name = Debug;
		};
		6A553F0425416230006198C3 /* Release */ = {
			isa = XCBuildConfiguration;
			buildSettings = {
				ALWAYS_SEARCH_USER_PATHS = NO;
				CLANG_ANALYZER_NONNULL = YES;
				CLANG_ANALYZER_NUMBER_OBJECT_CONVERSION = YES_AGGRESSIVE;
				CLANG_CXX_LANGUAGE_STANDARD = "gnu++14";
				CLANG_CXX_LIBRARY = "libc++";
				CLANG_ENABLE_MODULES = YES;
				CLANG_ENABLE_OBJC_ARC = YES;
				CLANG_ENABLE_OBJC_WEAK = YES;
				CLANG_WARN_BLOCK_CAPTURE_AUTORELEASING = YES;
				CLANG_WARN_BOOL_CONVERSION = YES;
				CLANG_WARN_COMMA = YES;
				CLANG_WARN_CONSTANT_CONVERSION = YES;
				CLANG_WARN_DEPRECATED_OBJC_IMPLEMENTATIONS = YES;
				CLANG_WARN_DIRECT_OBJC_ISA_USAGE = YES_ERROR;
				CLANG_WARN_DOCUMENTATION_COMMENTS = YES;
				CLANG_WARN_EMPTY_BODY = YES;
				CLANG_WARN_ENUM_CONVERSION = YES;
				CLANG_WARN_INFINITE_RECURSION = YES;
				CLANG_WARN_INT_CONVERSION = YES;
				CLANG_WARN_NON_LITERAL_NULL_CONVERSION = YES;
				CLANG_WARN_OBJC_IMPLICIT_RETAIN_SELF = YES;
				CLANG_WARN_OBJC_LITERAL_CONVERSION = YES;
				CLANG_WARN_OBJC_ROOT_CLASS = YES_ERROR;
				CLANG_WARN_QUOTED_INCLUDE_IN_FRAMEWORK_HEADER = YES;
				CLANG_WARN_RANGE_LOOP_ANALYSIS = YES;
				CLANG_WARN_STRICT_PROTOTYPES = YES;
				CLANG_WARN_SUSPICIOUS_MOVE = YES;
				CLANG_WARN_UNGUARDED_AVAILABILITY = YES_AGGRESSIVE;
				CLANG_WARN_UNREACHABLE_CODE = YES;
				CLANG_WARN__DUPLICATE_METHOD_MATCH = YES;
				COPY_PHASE_STRIP = NO;
				DEBUG_INFORMATION_FORMAT = "dwarf-with-dsym";
				ENABLE_NS_ASSERTIONS = NO;
				ENABLE_STRICT_OBJC_MSGSEND = YES;
				GCC_C_LANGUAGE_STANDARD = gnu11;
				GCC_NO_COMMON_BLOCKS = YES;
				GCC_WARN_64_TO_32_BIT_CONVERSION = YES;
				GCC_WARN_ABOUT_RETURN_TYPE = YES_ERROR;
				GCC_WARN_UNDECLARED_SELECTOR = YES;
				GCC_WARN_UNINITIALIZED_AUTOS = YES_AGGRESSIVE;
				GCC_WARN_UNUSED_FUNCTION = YES;
				GCC_WARN_UNUSED_VARIABLE = YES;
				IPHONEOS_DEPLOYMENT_TARGET = 14.0;
				MTL_ENABLE_DEBUG_INFO = NO;
				MTL_FAST_MATH = YES;
				SDKROOT = iphoneos;
				VALIDATE_PRODUCT = YES;
			};
			name = Release;
		};
		6A553F0625416230006198C3 /* Debug */ = {
			isa = XCBuildConfiguration;
			buildSettings = {
				ASSETCATALOG_COMPILER_APPICON_NAME = AppIcon;
				ASSETCATALOG_COMPILER_GLOBAL_ACCENT_COLOR_NAME = AccentColor;
				CODE_SIGN_STYLE = Automatic;
				INFOPLIST_FILE = XMPPFreamworkCarthageSample/Info.plist;
				LD_RUNPATH_SEARCH_PATHS = (
					"$(inherited)",
					"@executable_path/Frameworks",
				);
				PRODUCT_BUNDLE_IDENTIFIER = vigwave.XMPPFreamworkCarthageSample;
				PRODUCT_NAME = "$(TARGET_NAME)";
				TARGETED_DEVICE_FAMILY = "1,2";
			};
			name = Debug;
		};
		6A553F0725416230006198C3 /* Release */ = {
			isa = XCBuildConfiguration;
			buildSettings = {
				ASSETCATALOG_COMPILER_APPICON_NAME = AppIcon;
				ASSETCATALOG_COMPILER_GLOBAL_ACCENT_COLOR_NAME = AccentColor;
				CODE_SIGN_STYLE = Automatic;
				INFOPLIST_FILE = XMPPFreamworkCarthageSample/Info.plist;
				LD_RUNPATH_SEARCH_PATHS = (
					"$(inherited)",
					"@executable_path/Frameworks",
				);
				PRODUCT_BUNDLE_IDENTIFIER = vigwave.XMPPFreamworkCarthageSample;
				PRODUCT_NAME = "$(TARGET_NAME)";
				TARGETED_DEVICE_FAMILY = "1,2";
			};
			name = Release;
		};
		6A553F0925416230006198C3 /* Debug */ = {
			isa = XCBuildConfiguration;
			buildSettings = {
				BUNDLE_LOADER = "$(TEST_HOST)";
				CODE_SIGN_STYLE = Automatic;
				INFOPLIST_FILE = XMPPFreamworkCarthageSampleTests/Info.plist;
				IPHONEOS_DEPLOYMENT_TARGET = 14.0;
				LD_RUNPATH_SEARCH_PATHS = (
					"$(inherited)",
					"@executable_path/Frameworks",
					"@loader_path/Frameworks",
				);
				PRODUCT_BUNDLE_IDENTIFIER = vigwave.XMPPFreamworkCarthageSampleTests;
				PRODUCT_NAME = "$(TARGET_NAME)";
				TARGETED_DEVICE_FAMILY = "1,2";
				TEST_HOST = "$(BUILT_PRODUCTS_DIR)/XMPPFreamworkCarthageSample.app/XMPPFreamworkCarthageSample";
			};
			name = Debug;
		};
		6A553F0A25416230006198C3 /* Release */ = {
			isa = XCBuildConfiguration;
			buildSettings = {
				BUNDLE_LOADER = "$(TEST_HOST)";
				CODE_SIGN_STYLE = Automatic;
				INFOPLIST_FILE = XMPPFreamworkCarthageSampleTests/Info.plist;
				IPHONEOS_DEPLOYMENT_TARGET = 14.0;
				LD_RUNPATH_SEARCH_PATHS = (
					"$(inherited)",
					"@executable_path/Frameworks",
					"@loader_path/Frameworks",
				);
				PRODUCT_BUNDLE_IDENTIFIER = vigwave.XMPPFreamworkCarthageSampleTests;
				PRODUCT_NAME = "$(TARGET_NAME)";
				TARGETED_DEVICE_FAMILY = "1,2";
				TEST_HOST = "$(BUILT_PRODUCTS_DIR)/XMPPFreamworkCarthageSample.app/XMPPFreamworkCarthageSample";
			};
			name = Release;
		};
		6A553F0C25416230006198C3 /* Debug */ = {
			isa = XCBuildConfiguration;
			buildSettings = {
				CODE_SIGN_STYLE = Automatic;
				INFOPLIST_FILE = XMPPFreamworkCarthageSampleUITests/Info.plist;
				LD_RUNPATH_SEARCH_PATHS = (
					"$(inherited)",
					"@executable_path/Frameworks",
					"@loader_path/Frameworks",
				);
				PRODUCT_BUNDLE_IDENTIFIER = vigwave.XMPPFreamworkCarthageSampleUITests;
				PRODUCT_NAME = "$(TARGET_NAME)";
				TARGETED_DEVICE_FAMILY = "1,2";
				TEST_TARGET_NAME = XMPPFreamworkCarthageSample;
			};
			name = Debug;
		};
		6A553F0D25416230006198C3 /* Release */ = {
			isa = XCBuildConfiguration;
			buildSettings = {
				CODE_SIGN_STYLE = Automatic;
				INFOPLIST_FILE = XMPPFreamworkCarthageSampleUITests/Info.plist;
				LD_RUNPATH_SEARCH_PATHS = (
					"$(inherited)",
					"@executable_path/Frameworks",
					"@loader_path/Frameworks",
				);
				PRODUCT_BUNDLE_IDENTIFIER = vigwave.XMPPFreamworkCarthageSampleUITests;
				PRODUCT_NAME = "$(TARGET_NAME)";
				TARGETED_DEVICE_FAMILY = "1,2";
				TEST_TARGET_NAME = XMPPFreamworkCarthageSample;
			};
			name = Release;
		};
/* End XCBuildConfiguration section */

/* Begin XCConfigurationList section */
		6A553ED12541622F006198C3 /* Build configuration list for PBXProject "XMPPFreamworkCarthageSample" */ = {
			isa = XCConfigurationList;
			buildConfigurations = (
				6A553F0325416230006198C3 /* Debug */,
				6A553F0425416230006198C3 /* Release */,
			);
			defaultConfigurationIsVisible = 0;
			defaultConfigurationName = Release;
		};
		6A553F0525416230006198C3 /* Build configuration list for PBXNativeTarget "XMPPFreamworkCarthageSample" */ = {
			isa = XCConfigurationList;
			buildConfigurations = (
				6A553F0625416230006198C3 /* Debug */,
				6A553F0725416230006198C3 /* Release */,
			);
			defaultConfigurationIsVisible = 0;
			defaultConfigurationName = Release;
		};
		6A553F0825416230006198C3 /* Build configuration list for PBXNativeTarget "XMPPFreamworkCarthageSampleTests" */ = {
			isa = XCConfigurationList;
			buildConfigurations = (
				6A553F0925416230006198C3 /* Debug */,
				6A553F0A25416230006198C3 /* Release */,
			);
			defaultConfigurationIsVisible = 0;
			defaultConfigurationName = Release;
		};
		6A553F0B25416230006198C3 /* Build configuration list for PBXNativeTarget "XMPPFreamworkCarthageSampleUITests" */ = {
			isa = XCConfigurationList;
			buildConfigurations = (
				6A553F0C25416230006198C3 /* Debug */,
				6A553F0D25416230006198C3 /* Release */,
			);
			defaultConfigurationIsVisible = 0;
			defaultConfigurationName = Release;
		};
/* End XCConfigurationList section */
	};
	rootObject = 6A553ECE2541622F006198C3 /* Project object */;
}
